
Microsoft Visual Studio Solution File, Format Version 12.00
# Visual Studio 15
VisualStudioVersion = 15.0.26730.10
MinimumVisualStudioVersion = 10.0.40219.1
Project("{FAE04EC0-301F-11D3-BF4B-00C04F79EFBC}") = "IntegerSetConverter", "IntegerSetConverter\IntegerSetConverter.csproj", "{FB01B7CB-5A3C-41D2-BDB8-2EE7E8286B74}"
EndProject
Project("{FAE04EC0-301F-11D3-BF4B-00C04F79EFBC}") = "Misc", "Misc\Misc.csproj", "{44C47959-7F0F-4F5B-8D5F-0EA1A34967B2}"
EndProject
Project("{FAE04EC0-301F-11D3-BF4B-00C04F79EFBC}") = "VectorClock", "VectorClock\VectorClock.csproj", "{90791719-CDAC-49AA-A3F1-F00E067956DB}"
EndProject
Global
	GlobalSection(SolutionConfigurationPlatforms) = preSolution
		Debug|Any CPU = Debug|Any CPU
		Release|Any CPU = Release|Any CPU
	EndGlobalSection
	GlobalSection(ProjectConfigurationPlatforms) = postSolution
		{FB01B7CB-5A3C-41D2-BDB8-2EE7E8286B74}.Debug|Any CPU.ActiveCfg = Debug|Any CPU
		{FB01B7CB-5A3C-41D2-BDB8-2EE7E8286B74}.Debug|Any CPU.Build.0 = Debug|Any CPU
		{FB01B7CB-5A3C-41D2-BDB8-2EE7E8286B74}.Release|Any CPU.ActiveCfg = Release|Any CPU
		{FB01B7CB-5A3C-41D2-BDB8-2EE7E8286B74}.Release|Any CPU.Build.0 = Release|Any CPU
		{44C47959-7F0F-4F5B-8D5F-0EA1A34967B2}.Debug|Any CPU.ActiveCfg = Debug|Any CPU
		{44C47959-7F0F-4F5B-8D5F-0EA1A34967B2}.Debug|Any CPU.Build.0 = Debug|Any CPU
		{44C47959-7F0F-4F5B-8D5F-0EA1A34967B2}.Release|Any CPU.ActiveCfg = Release|Any CPU
		{44C47959-7F0F-4F5B-8D5F-0EA1A34967B2}.Release|Any CPU.Build.0 = Release|Any CPU
		{90791719-CDAC-49AA-A3F1-F00E067956DB}.Debug|Any CPU.ActiveCfg = Debug|Any CPU
		{90791719-CDAC-49AA-A3F1-F00E067956DB}.Debug|Any CPU.Build.0 = Debug|Any CPU
		{90791719-CDAC-49AA-A3F1-F00E067956DB}.Release|Any CPU.ActiveCfg = Release|Any CPU
		{90791719-CDAC-49AA-A3F1-F00E067956DB}.Release|Any CPU.Build.0 = Release|Any CPU
	EndGlobalSection
	GlobalSection(SolutionProperties) = preSolution
		HideSolutionNode = FALSE
	EndGlobalSection
	GlobalSection(ExtensibilityGlobals) = postSolution
		SolutionGuid = {12FB92D0-7035-419E-AA98-F4A7CF783391}
	EndGlobalSection
EndGlobal
